// !$*UTF8*$!
{
	archiveVersion = 1;
	classes = {
	};
	objectVersion = 110;
	objects = {

/* Begin PBXContainerItemProxy section */
		FF23C7643033FBD600B13EBA /* PBXContainerItemProxy */ = {
			isa = PBXContainerItemProxy;
			containerPortal = FF23C74C3033FBD500B13EBA /* Project object */;
			proxyType = 1;
			remoteGlobalIDString = FF23C7533033FBD500B13EBA;
			remoteInfo = CleanMyIPhone;
		};
		FF23C76E3033FBD600B13EBA /* PBXContainerItemProxy */ = {
			isa = PBXContainerItemProxy;
			containerPortal = FF23C74C3033FBD500B13EBA /* Project object */;
			proxyType = 1;
			remoteGlobalIDString = FF23C7533033FBD500B13EBA;
			remoteInfo = CleanMyIPhone;
		};
/* End PBXContainerItemProxy section */

/* Begin PBXFileReference section */
		FF23C7543033FBD500B13EBA /* CleanMyIPhone.app */ = {isa = PBXFileReference; explicitFileType = wrapper.application; includeInIndex = 0; path = CleanMyIPhone.app; sourceTree = BUILT_PRODUCTS_DIR; };
		FF23C7633033FBD600B13EBA /* CleanMyIPhoneTests.xctest */ = {isa = PBXFileReference; explicitFileType = wrapper.cfbundle; includeInIndex = 0; path = CleanMyIPhoneTests.xctest; sourceTree = BUILT_PRODUCTS_DIR; };
		FF23C76D3033FBD600B13EBA /* CleanMyIPhoneUITests.xctest */ = {isa = PBXFileReference; explicitFileType = wrapper.cfbundle; includeInIndex = 0; path = CleanMyIPhoneUITests.xctest; sourceTree = BUILT_PRODUCTS_DIR; };
/* End PBXFileReference section */

/* Begin PBXFileSystemSynchronizedRootGroup section */
		FF23C7563033FBD500B13EBA /* CleanMyIPhone */ = {
			isa = PBXFileSystemSynchronizedRootGroup;
			path = CleanMyIPhone;
			sourceTree = "<group>";
		};
		FF23C7663033FBD600B13EBA /* CleanMyIPhoneTests */ = {
			isa = PBXFileSystemSynchronizedRootGroup;
			path = CleanMyIPhoneTests;
			sourceTree = "<group>";
		};
		FF23C7703033FBD600B13EBA /* CleanMyIPhoneUITests */ = {
			isa = PBXFileSystemSynchronizedRootGroup;
			path = CleanMyIPhoneUITests;
			sourceTree = "<group>";
		};
/* End PBXFileSystemSynchronizedRootGroup section */

/* Begin PBXFrameworksBuildPhase section */
		FF23C7513033FBD500B13EBA /* Frameworks */ = {
			isa = PBXFrameworksBuildPhase;
			files = (
			);
		};
		FF23C7603033FBD600B13EBA /* Frameworks */ = {
			isa = PBXFrameworksBuildPhase;
			files = (
			);
		};
		FF23C76A3033FBD600B13EBA /* Frameworks */ = {
			isa = PBXFrameworksBuildPhase;
			files = (
			);
		};
/* End PBXFrameworksBuildPhase section */

/* Begin PBXGroup section */
		FF23C74B3033FBD500B13EBA = {
			isa = PBXGroup;
			children = (
				FF23C7563033FBD500B13EBA /* CleanMyIPhone */,
				FF23C7663033FBD600B13EBA /* CleanMyIPhoneTests */,
				FF23C7703033FBD600B13EBA /* CleanMyIPhoneUITests */,
				FF23C7553033FBD500B13EBA /* Products */,
			);
			sourceTree = "<group>";
		};
		FF23C7553033FBD500B13EBA /* Products */ = {
			isa = PBXGroup;
			children = (
				FF23C7543033FBD500B13EBA /* CleanMyIPhone.app */,
				FF23C7633033FBD600B13EBA /* CleanMyIPhoneTests.xctest */,
				FF23C76D3033FBD600B13EBA /* CleanMyIPhoneUITests.xctest */,
			);
			name = Products;
			sourceTree = "<group>";
		};
/* End PBXGroup section */

/* Begin PBXNativeTarget section */
		FF23C7533033FBD500B13EBA /* CleanMyIPhone */ = {
			isa = PBXNativeTarget;
			buildConfigurationList = FF23C7753033FBD600B13EBA /* Build configuration list for PBXNativeTarget "CleanMyIPhone" */;
			buildPhases = (
				FF23C7503033FBD500B13EBA /* Sources */,
				FF23C7513033FBD500B13EBA /* Frameworks */,
				FF23C7523033FBD500B13EBA /* Resources */,
			);
			buildRules = (
			);
			fileSystemSynchronizedGroups = (
				FF23C7563033FBD500B13EBA /* CleanMyIPhone */,
			);
			name = CleanMyIPhone;
			productName = CleanMyIPhone;
			productReference = FF23C7543033FBD500B13EBA /* CleanMyIPhone.app */;
			productType = "com.apple.product-type.application";
		};
		FF23C7623033FBD600B13EBA /* CleanMyIPhoneTests */ = {
			isa = PBXNativeTarget;
			buildConfigurationList = FF23C7783033FBD600B13EBA /* Build configuration list for PBXNativeTarget "CleanMyIPhoneTests" */;
			buildPhases = (
				FF23C75F3033FBD600B13EBA /* Sources */,
				FF23C7603033FBD600B13EBA /* Frameworks */,
				FF23C7613033FBD600B13EBA /* Resources */,
			);
			buildRules = (
			);
			dependencies = (
				FF23C7653033FBD600B13EBA /* PBXTargetDependency */,
			);
			fileSystemSynchronizedGroups = (
				FF23C7663033FBD600B13EBA /* CleanMyIPhoneTests */,
			);
			name = CleanMyIPhoneTests;
			productName = CleanMyIPhoneTests;
			productReference = FF23C7633033FBD600B13EBA /* CleanMyIPhoneTests.xctest */;
			productType = "com.apple.product-type.bundle.unit-test";
		};
		FF23C76C3033FBD600B13EBA /* CleanMyIPhoneUITests */ = {
			isa = PBXNativeTarget;
			buildConfigurationList = FF23C77B3033FBD600B13EBA /* Build configuration list for PBXNativeTarget "CleanMyIPhoneUITests" */;
			buildPhases = (
				FF23C7693033FBD600B13EBA /* Sources */,
				FF23C76A3033FBD600B13EBA /* Frameworks */,
				FF23C76B3033FBD600B13EBA /* Resources */,
			);
			buildRules = (
			);
			dependencies = (
				FF23C76F3033FBD600B13EBA /* PBXTargetDependency */,
			);
			fileSystemSynchronizedGroups = (
				FF23C7703033FBD600B13EBA /* CleanMyIPhoneUITests */,
			);
			name = CleanMyIPhoneUITests;
			productName = CleanMyIPhoneUITests;
			productReference = FF23C76D3033FBD600B13EBA /* CleanMyIPhoneUITests.xctest */;
			productType = "com.apple.product-type.bundle.ui-testing";
		};
/* End PBXNativeTarget section */

/* Begin PBXProject section */
		FF23C74C3033FBD500B13EBA /* Project object */ = {
			isa = PBXProject;
			attributes = {
				BuildIndependentTargetsInParallel = 1;
				LastSwiftUpdateCheck = 2700;
				LastUpgradeCheck = 2700;
				TargetAttributes = {
					FF23C7533033FBD500B13EBA = {
						CreatedOnToolsVersion = 27.0;
					};
					FF23C7623033FBD600B13EBA = {
						CreatedOnToolsVersion = 27.0;
						TestTargetID = FF23C7533033FBD500B13EBA;
					};
					FF23C76C3033FBD600B13EBA = {
						CreatedOnToolsVersion = 27.0;
						TestTargetID = FF23C7533033FBD500B13EBA;
					};
				};
			};
			buildConfigurationList = FF23C74F3033FBD500B13EBA /* Build configuration list for PBXProject "CleanMyIPhone" */;
			developmentRegion = en;
			hasScannedForEncodings = 0;
			knownRegions = (
				en,
				Base,
			);
			mainGroup = FF23C74B3033FBD500B13EBA;
			minimizedProjectReferenceProxies = 1;
			preferredProjectObjectVersion = 77;
			productRefGroup = FF23C7553033FBD500B13EBA /* Products */;
			projectDirPath = "";
			projectRoot = "";
			targets = (
				FF23C7533033FBD500B13EBA /* CleanMyIPhone */,
				FF23C7623033FBD600B13EBA /* CleanMyIPhoneTests */,
				FF23C76C3033FBD600B13EBA /* CleanMyIPhoneUITests */,
			);
		};
/* End PBXProject section */

/* Begin PBXResourcesBuildPhase section */
		FF23C7523033FBD500B13EBA /* Resources */ = {
			isa = PBXResourcesBuildPhase;
			files = (
			);
		};
		FF23C7613033FBD600B13EBA /* Resources */ = {
			isa = PBXResourcesBuildPhase;
			files = (
			);
		};
		FF23C76B3033FBD600B13EBA /* Resources */ = {
			isa = PBXResourcesBuildPhase;
			files = (
			);
		};
/* End PBXResourcesBuildPhase section */

/* Begin PBXSourcesBuildPhase section */
		FF23C7503033FBD500B13EBA /* Sources */ = {
			isa = PBXSourcesBuildPhase;
			files = (
			);
		};
		FF23C75F3033FBD600B13EBA /* Sources */ = {
			isa = PBXSourcesBuildPhase;
			files = (
			);
		};
		FF23C7693033FBD600B13EBA /* Sources */ = {
			isa = PBXSourcesBuildPhase;
			files = (
			);
		};
/* End PBXSourcesBuildPhase section */

/* Begin PBXTargetDependency section */
		FF23C7653033FBD600B13EBA /* PBXTargetDependency */ = {
			isa = PBXTargetDependency;
			target = FF23C7533033FBD500B13EBA /* CleanMyIPhone */;
			targetProxy = FF23C7643033FBD600B13EBA /* PBXContainerItemProxy */;
		};
		FF23C76F3033FBD600B13EBA /* PBXTargetDependency */ = {
			isa = PBXTargetDependency;
			target = FF23C7533033FBD500B13EBA /* CleanMyIPhone */;
			targetProxy = FF23C76E3033FBD600B13EBA /* PBXContainerItemProxy */;
		};
/* End PBXTargetDependency section */

/* Begin XCBuildConfiguration section */
		FF23C7733033FBD600B13EBA /* Debug configuration for PBXProject "CleanMyIPhone" */ = {
			isa = XCBuildConfiguration;
			buildSettings = {
				ALWAYS_SEARCH_USER_PATHS = NO;
				ASSETCATALOG_COMPILER_GENERATE_SWIFT_ASSET_SYMBOL_EXTENSIONS = YES;
				CLANG_ANALYZER_NONNULL = YES;
				CLANG_ANALYZER_NUMBER_OBJECT_CONVERSION = YES_AGGRESSIVE;
				CLANG_CXX_LANGUAGE_STANDARD = "gnu++20";
				CLANG_ENABLE_MODULES = YES;
				CLANG_ENABLE_OBJC_ARC = YES;
				CLANG_ENABLE_OBJC_WEAK = YES;
				CLANG_WARN_BLOCK_CAPTURE_AUTORELEASING = YES;
				CLANG_WARN_BOOL_CONVERSION = YES;
				CLANG_WARN_COMMA = YES;
				CLANG_WARN_CONSTANT_CONVERSION = YES;
				CLANG_WARN_DEPRECATED_OBJC_IMPLEMENTATIONS = YES;
				CLANG_WARN_DIRECT_OBJC_ISA_USAGE = YES_ERROR;
				CLANG_WARN_DOCUMENTATION_COMMENTS = YES;
				CLANG_WARN_EMPTY_BODY = YES;
				CLANG_WARN_ENUM_CONVERSION = YES;
				CLANG_WARN_INFINITE_RECURSION = YES;
				CLANG_WARN_INT_CONVERSION = YES;
				CLANG_WARN_NON_LITERAL_NULL_CONVERSION = YES;
				CLANG_WARN_OBJC_IMPLICIT_RETAIN_SELF = YES;
				CLANG_WARN_OBJC_LITERAL_CONVERSION = YES;
				CLANG_WARN_OBJC_ROOT_CLASS = YES_ERROR;
				CLANG_WARN_QUOTED_INCLUDE_IN_FRAMEWORK_HEADER = YES;
				CLANG_WARN_RANGE_LOOP_ANALYSIS = YES;
				CLANG_WARN_STRICT_PROTOTYPES = YES;
				CLANG_WARN_SUSPICIOUS_MOVE = YES;
				CLANG_WARN_UNGUARDED_AVAILABILITY = YES_AGGRESSIVE;
				CLANG_WARN_UNREACHABLE_CODE = YES;
				CLANG_WARN__DUPLICATE_METHOD_MATCH = YES;
				COPY_PHASE_STRIP = NO;
				DEBUG_INFORMATION_FORMAT = dwarf;
				DEVELOPMENT_TEAM = NL82DMN369;
				ENABLE_STRICT_OBJC_MSGSEND = YES;
				ENABLE_TESTABILITY = YES;
				ENABLE_USER_SCRIPT_SANDBOXING = YES;
				GCC_C_LANGUAGE_STANDARD = gnu17;
				GCC_DYNAMIC_NO_PIC = NO;
				GCC_NO_COMMON_BLOCKS = YES;
				GCC_OPTIMIZATION_LEVEL = 0;
				GCC_PREPROCESSOR_DEFINITIONS = (
					"DEBUG=1",
					"$(inherited)",
				);
				GCC_WARN_64_TO_32_BIT_CONVERSION = YES;
				GCC_WARN_ABOUT_RETURN_TYPE = YES_ERROR;
				GCC_WARN_UNDECLARED_SELECTOR = YES;
				GCC_WARN_UNINITIALIZED_AUTOS = YES_AGGRESSIVE;
				GCC_WARN_UNUSED_FUNCTION = YES;
				GCC_WARN_UNUSED_VARIABLE = YES;
				IPHONEOS_DEPLOYMENT_TARGET = 27.0;
				LOCALIZATION_PREFERS_STRING_CATALOGS = YES;
				MTL_ENABLE_DEBUG_INFO = INCLUDE_SOURCE;
				MTL_FAST_MATH = YES;
				ONLY_ACTIVE_ARCH = YES;
				SDKROOT = iphoneos;
				SWIFT_ACTIVE_COMPILATION_CONDITIONS = "DEBUG $(inherited)";
				SWIFT_OPTIMIZATION_LEVEL = "-Onone";
			};
			name = Debug;
		};
		FF23C7743033FBD600B13EBA /* Release configuration for PBXProject "CleanMyIPhone" */ = {
			isa = XCBuildConfiguration;
			buildSettings = {
				ALWAYS_SEARCH_USER_PATHS = NO;
				ASSETCATALOG_COMPILER_GENERATE_SWIFT_ASSET_SYMBOL_EXTENSIONS = YES;
				CLANG_ANALYZER_NONNULL = YES;
				CLANG_ANALYZER_NUMBER_OBJECT_CONVERSION = YES_AGGRESSIVE;
				CLANG_CXX_LANGUAGE_STANDARD = "gnu++20";
				CLANG_ENABLE_MODULES = YES;
				CLANG_ENABLE_OBJC_ARC = YES;
				CLANG_ENABLE_OBJC_WEAK = YES;
				CLANG_WARN_BLOCK_CAPTURE_AUTORELEASING = YES;
				CLANG_WARN_BOOL_CONVERSION = YES;
				CLANG_WARN_COMMA = YES;
				CLANG_WARN_CONSTANT_CONVERSION = YES;
				CLANG_WARN_DEPRECATED_OBJC_IMPLEMENTATIONS = YES;
				CLANG_WARN_DIRECT_OBJC_ISA_USAGE = YES_ERROR;
				CLANG_WARN_DOCUMENTATION_COMMENTS = YES;
				CLANG_WARN_EMPTY_BODY = YES;
				CLANG_WARN_ENUM_CONVERSION = YES;
				CLANG_WARN_INFINITE_RECURSION = YES;
				CLANG_WARN_INT_CONVERSION = YES;
				CLANG_WARN_NON_LITERAL_NULL_CONVERSION = YES;
				CLANG_WARN_OBJC_IMPLICIT_RETAIN_SELF = YES;
				CLANG_WARN_OBJC_LITERAL_CONVERSION = YES;
				CLANG_WARN_OBJC_ROOT_CLASS = YES_ERROR;
				CLANG_WARN_QUOTED_INCLUDE_IN_FRAMEWORK_HEADER = YES;
				CLANG_WARN_RANGE_LOOP_ANALYSIS = YES;
				CLANG_WARN_STRICT_PROTOTYPES = YES;
				CLANG_WARN_SUSPICIOUS_MOVE = YES;
				CLANG_WARN_UNGUARDED_AVAILABILITY = YES_AGGRESSIVE;
				CLANG_WARN_UNREACHABLE_CODE = YES;
				CLANG_WARN__DUPLICATE_METHOD_MATCH = YES;
				COPY_PHASE_STRIP = NO;
				DEBUG_INFORMATION_FORMAT = "dwarf-with-dsym";
				DEVELOPMENT_TEAM = NL82DMN369;
				ENABLE_NS_ASSERTIONS = NO;
				ENABLE_STRICT_OBJC_MSGSEND = YES;
				ENABLE_USER_SCRIPT_SANDBOXING = YES;
				GCC_C_LANGUAGE_STANDARD = gnu17;
				GCC_NO_COMMON_BLOCKS = YES;
				GCC_WARN_64_TO_32_BIT_CONVERSION = YES;
				GCC_WARN_ABOUT_RETURN_TYPE = YES_ERROR;
				GCC_WARN_UNDECLARED_SELECTOR = YES;
				GCC_WARN_UNINITIALIZED_AUTOS = YES_AGGRESSIVE;
				GCC_WARN_UNUSED_FUNCTION = YES;
				GCC_WARN_UNUSED_VARIABLE = YES;
				IPHONEOS_DEPLOYMENT_TARGET = 27.0;
				LOCALIZATION_PREFERS_STRING_CATALOGS = YES;
				MTL_ENABLE_DEBUG_INFO = NO;
				MTL_FAST_MATH = YES;
				SDKROOT = iphoneos;
				SWIFT_COMPILATION_MODE = wholemodule;
				VALIDATE_PRODUCT = YES;
			};
			name = Release;
		};
		FF23C7763033FBD600B13EBA /* Debug configuration for PBXNativeTarget "CleanMyIPhone" */ = {
			isa = XCBuildConfiguration;
			buildSettings = {
				ASSETCATALOG_COMPILER_APPICON_NAME = AppIcon;
				ASSETCATALOG_COMPILER_GLOBAL_ACCENT_COLOR_NAME = AccentColor;
				CODE_SIGN_STYLE = Automatic;
				CURRENT_PROJECT_VERSION = 1;
				DEVELOPMENT_TEAM = NL82DMN369;
				ENABLE_PREVIEWS = YES;
				GENERATE_INFOPLIST_FILE = YES;
				INFOPLIST_KEY_NSPhotoLibraryUsageDescription = "Allow CleanMyIPhone to display images from your Photos library.";
				INFOPLIST_KEY_UIApplicationSceneManifest_Generation = YES;
				INFOPLIST_KEY_UIApplicationSupportsIndirectInputEvents = YES;
				INFOPLIST_KEY_UILaunchScreen_Generation = YES;
				INFOPLIST_KEY_UISupportedInterfaceOrientations_iPad = "UIInterfaceOrientationPortrait UIInterfaceOrientationPortraitUpsideDown UIInterfaceOrientationLandscapeLeft UIInterfaceOrientationLandscapeRight";
				INFOPLIST_KEY_UISupportedInterfaceOrientations_iPhone = "UIInterfaceOrientationPortrait UIInterfaceOrientationLandscapeLeft UIInterfaceOrientationLandscapeRight";
				IPHONEOS_DEPLOYMENT_TARGET = 26.0.1;
				LD_RUNPATH_SEARCH_PATHS = (
					"$(inherited)",
					"@executable_path/Frameworks",
				);
				MARKETING_VERSION = 1.0;
				PRODUCT_BUNDLE_IDENTIFIER = ZaneLiao.CleanMyIPhone;
				PRODUCT_NAME = "$(TARGET_NAME)";
				STRING_CATALOG_GENERATE_SYMBOLS = YES;
				SWIFT_APPROACHABLE_CONCURRENCY = YES;
				SWIFT_DEFAULT_ACTOR_ISOLATION = MainActor;
				SWIFT_EMIT_LOC_STRINGS = YES;
				SWIFT_UPCOMING_FEATURE_MEMBER_IMPORT_VISIBILITY = YES;
				SWIFT_VERSION = 5.0;
				TARGETED_DEVICE_FAMILY = "1,2";
			};
			name = Debug;
		};
		FF23C7773033FBD600B13EBA /* Release configuration for PBXNativeTarget "CleanMyIPhone" */ = {
			isa = XCBuildConfiguration;
			buildSettings = {
				ASSETCATALOG_COMPILER_APPICON_NAME = AppIcon;
				ASSETCATALOG_COMPILER_GLOBAL_ACCENT_COLOR_NAME = AccentColor;
				CODE_SIGN_STYLE = Automatic;
				CURRENT_PROJECT_VERSION = 1;
				DEVELOPMENT_TEAM = NL82DMN369;
				ENABLE_PREVIEWS = YES;
				GENERATE_INFOPLIST_FILE = YES;
				INFOPLIST_KEY_NSPhotoLibraryUsageDescription = "Allow CleanMyIPhone to display images from your Photos library.";
				INFOPLIST_KEY_UIApplicationSceneManifest_Generation = YES;
				INFOPLIST_KEY_UIApplicationSupportsIndirectInputEvents = YES;
				INFOPLIST_KEY_UILaunchScreen_Generation = YES;
				INFOPLIST_KEY_UISupportedInterfaceOrientations_iPad = "UIInterfaceOrientationPortrait UIInterfaceOrientationPortraitUpsideDown UIInterfaceOrientationLandscapeLeft UIInterfaceOrientationLandscapeRight";
				INFOPLIST_KEY_UISupportedInterfaceOrientations_iPhone = "UIInterfaceOrientationPortrait UIInterfaceOrientationLandscapeLeft UIInterfaceOrientationLandscapeRight";
				IPHONEOS_DEPLOYMENT_TARGET = 26.0.1;
				LD_RUNPATH_SEARCH_PATHS = (
					"$(inherited)",
					"@executable_path/Frameworks",
				);
				MARKETING_VERSION = 1.0;
				PRODUCT_BUNDLE_IDENTIFIER = ZaneLiao.CleanMyIPhone;
				PRODUCT_NAME = "$(TARGET_NAME)";
				STRING_CATALOG_GENERATE_SYMBOLS = YES;
				SWIFT_APPROACHABLE_CONCURRENCY = YES;
				SWIFT_DEFAULT_ACTOR_ISOLATION = MainActor;
				SWIFT_EMIT_LOC_STRINGS = YES;
				SWIFT_UPCOMING_FEATURE_MEMBER_IMPORT_VISIBILITY = YES;
				SWIFT_VERSION = 5.0;
				TARGETED_DEVICE_FAMILY = "1,2";
			};
			name = Release;
		};
		FF23C7793033FBD600B13EBA /* Debug configuration for PBXNativeTarget "CleanMyIPhoneTests" */ = {
			isa = XCBuildConfiguration;
			buildSettings = {
				BUNDLE_LOADER = "$(TEST_HOST)";
				CODE_SIGN_STYLE = Automatic;
				CURRENT_PROJECT_VERSION = 1;
				DEVELOPMENT_TEAM = NL82DMN369;
				GENERATE_INFOPLIST_FILE = YES;
				IPHONEOS_DEPLOYMENT_TARGET = 26.0.1;
				MARKETING_VERSION = 1.0;
				PRODUCT_BUNDLE_IDENTIFIER = ZaneLiao.CleanMyIPhoneTests;
				PRODUCT_NAME = "$(TARGET_NAME)";
				STRING_CATALOG_GENERATE_SYMBOLS = NO;
				SWIFT_APPROACHABLE_CONCURRENCY = YES;
				SWIFT_EMIT_LOC_STRINGS = NO;
				SWIFT_UPCOMING_FEATURE_MEMBER_IMPORT_VISIBILITY = YES;
				SWIFT_VERSION = 5.0;
				TARGETED_DEVICE_FAMILY = "1,2";
				TEST_HOST = "$(BUILT_PRODUCTS_DIR)/CleanMyIPhone.app/$(BUNDLE_EXECUTABLE_FOLDER_PATH)/CleanMyIPhone";
			};
			name = Debug;
		};
		FF23C77A3033FBD600B13EBA /* Release configuration for PBXNativeTarget "CleanMyIPhoneTests" */ = {
			isa = XCBuildConfiguration;
			buildSettings = {
				BUNDLE_LOADER = "$(TEST_HOST)";
				CODE_SIGN_STYLE = Automatic;
				CURRENT_PROJECT_VERSION = 1;
				DEVELOPMENT_TEAM = NL82DMN369;
				GENERATE_INFOPLIST_FILE = YES;
				IPHONEOS_DEPLOYMENT_TARGET = 26.0.1;
				MARKETING_VERSION = 1.0;
				PRODUCT_BUNDLE_IDENTIFIER = ZaneLiao.CleanMyIPhoneTests;
				PRODUCT_NAME = "$(TARGET_NAME)";
				STRING_CATALOG_GENERATE_SYMBOLS = NO;
				SWIFT_APPROACHABLE_CONCURRENCY = YES;
				SWIFT_EMIT_LOC_STRINGS = NO;
				SWIFT_UPCOMING_FEATURE_MEMBER_IMPORT_VISIBILITY = YES;
				SWIFT_VERSION = 5.0;
				TARGETED_DEVICE_FAMILY = "1,2";
				TEST_HOST = "$(BUILT_PRODUCTS_DIR)/CleanMyIPhone.app/$(BUNDLE_EXECUTABLE_FOLDER_PATH)/CleanMyIPhone";
			};
			name = Release;
		};
		FF23C77C3033FBD600B13EBA /* Debug configuration for PBXNativeTarget "CleanMyIPhoneUITests" */ = {
			isa = XCBuildConfiguration;
			buildSettings = {
				CODE_SIGN_STYLE = Automatic;
				CURRENT_PROJECT_VERSION = 1;
				DEVELOPMENT_TEAM = NL82DMN369;
				GENERATE_INFOPLIST_FILE = YES;
				IPHONEOS_DEPLOYMENT_TARGET = 26.0.1;
				MARKETING_VERSION = 1.0;
				PRODUCT_BUNDLE_IDENTIFIER = ZaneLiao.CleanMyIPhoneUITests;
				PRODUCT_NAME = "$(TARGET_NAME)";
				STRING_CATALOG_GENERATE_SYMBOLS = NO;
				SWIFT_APPROACHABLE_CONCURRENCY = YES;
				SWIFT_EMIT_LOC_STRINGS = NO;
				SWIFT_UPCOMING_FEATURE_MEMBER_IMPORT_VISIBILITY = YES;
				SWIFT_VERSION = 5.0;
				TARGETED_DEVICE_FAMILY = "1,2";
				TEST_TARGET_NAME = CleanMyIPhone;
			};
			name = Debug;
		};
		FF23C77D3033FBD600B13EBA /* Release configuration for PBXNativeTarget "CleanMyIPhoneUITests" */ = {
			isa = XCBuildConfiguration;
			buildSettings = {
				CODE_SIGN_STYLE = Automatic;
				CURRENT_PROJECT_VERSION = 1;
				DEVELOPMENT_TEAM = NL82DMN369;
				GENERATE_INFOPLIST_FILE = YES;
				IPHONEOS_DEPLOYMENT_TARGET = 26.0.1;
				MARKETING_VERSION = 1.0;
				PRODUCT_BUNDLE_IDENTIFIER = ZaneLiao.CleanMyIPhoneUITests;
				PRODUCT_NAME = "$(TARGET_NAME)";
				STRING_CATALOG_GENERATE_SYMBOLS = NO;
				SWIFT_APPROACHABLE_CONCURRENCY = YES;
				SWIFT_EMIT_LOC_STRINGS = NO;
				SWIFT_UPCOMING_FEATURE_MEMBER_IMPORT_VISIBILITY = YES;
				SWIFT_VERSION = 5.0;
				TARGETED_DEVICE_FAMILY = "1,2";
				TEST_TARGET_NAME = CleanMyIPhone;
			};
			name = Release;
		};
/* End XCBuildConfiguration section */

/* Begin XCConfigurationList section */
		FF23C74F3033FBD500B13EBA /* Build configuration list for PBXProject "CleanMyIPhone" */ = {
			isa = XCConfigurationList;
			buildConfigurations = (
				FF23C7733033FBD600B13EBA /* Debug configuration for PBXProject "CleanMyIPhone" */,
				FF23C7743033FBD600B13EBA /* Release configuration for PBXProject "CleanMyIPhone" */,
			);
			defaultConfigurationName = Release;
		};
		FF23C7753033FBD600B13EBA /* Build configuration list for PBXNativeTarget "CleanMyIPhone" */ = {
			isa = XCConfigurationList;
			buildConfigurations = (
				FF23C7763033FBD600B13EBA /* Debug configuration for PBXNativeTarget "CleanMyIPhone" */,
				FF23C7773033FBD600B13EBA /* Release configuration for PBXNativeTarget "CleanMyIPhone" */,
			);
			defaultConfigurationName = Release;
		};
		FF23C7783033FBD600B13EBA /* Build configuration list for PBXNativeTarget "CleanMyIPhoneTests" */ = {
			isa = XCConfigurationList;
			buildConfigurations = (
				FF23C7793033FBD600B13EBA /* Debug configuration for PBXNativeTarget "CleanMyIPhoneTests" */,
				FF23C77A3033FBD600B13EBA /* Release configuration for PBXNativeTarget "CleanMyIPhoneTests" */,
			);
			defaultConfigurationName = Release;
		};
		FF23C77B3033FBD600B13EBA /* Build configuration list for PBXNativeTarget "CleanMyIPhoneUITests" */ = {
			isa = XCConfigurationList;
			buildConfigurations = (
				FF23C77C3033FBD600B13EBA /* Debug configuration for PBXNativeTarget "CleanMyIPhoneUITests" */,
				FF23C77D3033FBD600B13EBA /* Release configuration for PBXNativeTarget "CleanMyIPhoneUITests" */,
			);
			defaultConfigurationName = Release;
		};
/* End XCConfigurationList section */
	};
	rootObject = FF23C74C3033FBD500B13EBA /* Project object */;
	validationLevel = 1;
}
